{
  "requires": true,
  "lockfileVersion": 1,
  "dependencies": {
    "@remix-run/router": {
      "version": "1.13.1",
      "resolved": "https://registry.npmjs.org/@remix-run/router/-/router-1.13.1.tgz",
      "integrity": "sha512-so+DHzZKsoOcoXrILB4rqDkMDy7NLMErRdOxvzvOKb507YINKUP4Di+shbTZDhSE/pBZ+vr7XGIpcOO0VLSA+Q=="
    },
    "react-router": {
      "version": "6.20.1",
      "resolved": "https://registry.npmjs.org/react-router/-/react-router-6.20.1.tgz",
      "integrity": "sha512-ccvLrB4QeT5DlaxSFFYi/KR8UMQ4fcD8zBcR71Zp1kaYTC5oJKYAp1cbavzGrogwxca+ubjkd7XjFZKBW8CxPA==",
      "requires": {
        "@remix-run/router": "1.13.1"
      }
    }
  }
}
